// !$*UTF8*$!
{
	archiveVersion = 1;
	classes = {
	};
	objectVersion = 46;
	objects = {

/* Begin PBXBuildFile section */
		61E30A121DE9A2B3007F035B /* main.m in Sources */ = {isa = PBXBuildFile; fileRef = 61E30A111DE9A2B3007F035B /* main.m */; };
		61E30A1D1DE9A2B3007F035B /* Assets.xcassets in Resources */ = {isa = PBXBuildFile; fileRef = 61E30A1C1DE9A2B3007F035B /* Assets.xcassets */; };
		61E30A201DE9A2B3007F035B /* LaunchScreen.storyboard in Resources */ = {isa = PBXBuildFile; fileRef = 61E30A1E1DE9A2B3007F035B /* LaunchScreen.storyboard */; };
		61E30A2B1DE9C9A0007F035B /* MPOSAppDelegate.m in Sources */ = {isa = PBXBuildFile; fileRef = 61E30A281DE9C9A0007F035B /* MPOSAppDelegate.m */; };
		61E30A2C1DE9C9A0007F035B /* MPOSViewController.m in Sources */ = {isa = PBXBuildFile; fileRef = 61E30A2A1DE9C9A0007F035B /* MPOSViewController.m */; };
		61E30A321DE9CA19007F035B /* MPOSRequestManager.m in Sources */ = {isa = PBXBuildFile; fileRef = 61E30A311DE9CA19007F035B /* MPOSRequestManager.m */; };
		61E30A351DE9CA24007F035B /* MPOSActivityView.m in Sources */ = {isa = PBXBuildFile; fileRef = 61E30A341DE9CA24007F035B /* MPOSActivityView.m */; };
		61E30A381DE9CA34007F035B /* MPOSAlertController.m in Sources */ = {isa = PBXBuildFile; fileRef = 61E30A371DE9CA34007F035B /* MPOSAlertController.m */; };
		61E30A3C1DE9CA4D007F035B /* MPOSBaseVC.m in Sources */ = {isa = PBXBuildFile; fileRef = 61E30A3B1DE9CA4D007F035B /* MPOSBaseVC.m */; };
		61E30A411DE9CBE1007F035B /* MPOSReachability.m in Sources */ = {isa = PBXBuildFile; fileRef = 61E30A401DE9CBE1007F035B /* MPOSReachability.m */; };
		61E30A451DE9CBEC007F035B /* MPOSSSKeychain.m in Sources */ = {isa = PBXBuildFile; fileRef = 61E30A441DE9CBEC007F035B /* MPOSSSKeychain.m */; };
		61E30A4F1DE9FF12007F035B /* MPOSCreateOrderVC.m in Sources */ = {isa = PBXBuildFile; fileRef = 61E30A471DE9FF12007F035B /* MPOSCreateOrderVC.m */; };
		61E30A501DE9FF12007F035B /* MPOSDashboardVC.m in Sources */ = {isa = PBXBuildFile; fileRef = 61E30A491DE9FF12007F035B /* MPOSDashboardVC.m */; };
		61E30A511DE9FF12007F035B /* MPOSLoginSingupVC.m in Sources */ = {isa = PBXBuildFile; fileRef = 61E30A4B1DE9FF12007F035B /* MPOSLoginSingupVC.m */; };
		61E30A521DE9FF12007F035B /* MPOSLoginSingupVC.xib in Resources */ = {isa = PBXBuildFile; fileRef = 61E30A4C1DE9FF12007F035B /* MPOSLoginSingupVC.xib */; };
		61E30A531DE9FF12007F035B /* MPOSRequestPaymentVC.m in Sources */ = {isa = PBXBuildFile; fileRef = 61E30A4E1DE9FF12007F035B /* MPOSRequestPaymentVC.m */; };
		61E30A561DE9FF2D007F035B /* MPOSMain.storyboard in Resources */ = {isa = PBXBuildFile; fileRef = 61E30A541DE9FF2D007F035B /* MPOSMain.storyboard */; };
		A1285A3BB30BAD1A4120E9FC /* Pods_MPOS.framework in Frameworks */ = {isa = PBXBuildFile; fileRef = 3CC8D097A62D317D36296BD6 /* Pods_MPOS.framework */; };
/* End PBXBuildFile section */

/* Begin PBXFileReference section */
		3CC8D097A62D317D36296BD6 /* Pods_MPOS.framework */ = {isa = PBXFileReference; explicitFileType = wrapper.framework; includeInIndex = 0; path = Pods_MPOS.framework; sourceTree = BUILT_PRODUCTS_DIR; };
		49C7778286E0ACF34B80506F /* Pods-MPOS.release.xcconfig */ = {isa = PBXFileReference; includeInIndex = 1; lastKnownFileType = text.xcconfig; name = "Pods-MPOS.release.xcconfig"; path = "Pods/Target Support Files/Pods-MPOS/Pods-MPOS.release.xcconfig"; sourceTree = "<group>"; };
		61E30A0D1DE9A2B3007F035B /* MPOS.app */ = {isa = PBXFileReference; explicitFileType = wrapper.application; includeInIndex = 0; path = MPOS.app; sourceTree = BUILT_PRODUCTS_DIR; };
		61E30A111DE9A2B3007F035B /* main.m */ = {isa = PBXFileReference; lastKnownFileType = sourcecode.c.objc; path = main.m; sourceTree = "<group>"; };
		61E30A1C1DE9A2B3007F035B /* Assets.xcassets */ = {isa = PBXFileReference; lastKnownFileType = folder.assetcatalog; path = Assets.xcassets; sourceTree = "<group>"; };
		61E30A1F1DE9A2B3007F035B /* Base */ = {isa = PBXFileReference; lastKnownFileType = file.storyboard; name = Base; path = Base.lproj/LaunchScreen.storyboard; sourceTree = "<group>"; };
		61E30A211DE9A2B3007F035B /* Info.plist */ = {isa = PBXFileReference; lastKnownFileType = text.plist.xml; path = Info.plist; sourceTree = "<group>"; };
		61E30A271DE9C9A0007F035B /* MPOSAppDelegate.h */ = {isa = PBXFileReference; fileEncoding = 4; lastKnownFileType = sourcecode.c.h; path = MPOSAppDelegate.h; sourceTree = "<group>"; };
		61E30A281DE9C9A0007F035B /* MPOSAppDelegate.m */ = {isa = PBXFileReference; fileEncoding = 4; lastKnownFileType = sourcecode.c.objc; path = MPOSAppDelegate.m; sourceTree = "<group>"; };
		61E30A291DE9C9A0007F035B /* MPOSViewController.h */ = {isa = PBXFileReference; fileEncoding = 4; lastKnownFileType = sourcecode.c.h; path = MPOSViewController.h; sourceTree = "<group>"; };
		61E30A2A1DE9C9A0007F035B /* MPOSViewController.m */ = {isa = PBXFileReference; fileEncoding = 4; lastKnownFileType = sourcecode.c.objc; path = MPOSViewController.m; sourceTree = "<group>"; };
		61E30A301DE9CA19007F035B /* MPOSRequestManager.h */ = {isa = PBXFileReference; fileEncoding = 4; lastKnownFileType = sourcecode.c.h; name = MPOSRequestManager.h; path = WebService/MPOSRequestManager.h; sourceTree = "<group>"; };
		61E30A311DE9CA19007F035B /* MPOSRequestManager.m */ = {isa = PBXFileReference; fileEncoding = 4; lastKnownFileType = sourcecode.c.objc; name = MPOSRequestManager.m; path = WebService/MPOSRequestManager.m; sourceTree = "<group>"; };
		61E30A331DE9CA24007F035B /* MPOSActivityView.h */ = {isa = PBXFileReference; fileEncoding = 4; lastKnownFileType = sourcecode.c.h; name = MPOSActivityView.h; path = utilties/MPOSActivityView.h; sourceTree = "<group>"; };
		61E30A341DE9CA24007F035B /* MPOSActivityView.m */ = {isa = PBXFileReference; fileEncoding = 4; lastKnownFileType = sourcecode.c.objc; name = MPOSActivityView.m; path = utilties/MPOSActivityView.m; sourceTree = "<group>"; };
		61E30A361DE9CA34007F035B /* MPOSAlertController.h */ = {isa = PBXFileReference; fileEncoding = 4; lastKnownFileType = sourcecode.c.h; name = MPOSAlertController.h; path = controllers/MPOSAlertController.h; sourceTree = "<group>"; };
		61E30A371DE9CA34007F035B /* MPOSAlertController.m */ = {isa = PBXFileReference; fileEncoding = 4; lastKnownFileType = sourcecode.c.objc; name = MPOSAlertController.m; path = controllers/MPOSAlertController.m; sourceTree = "<group>"; };
		61E30A3A1DE9CA4D007F035B /* MPOSBaseVC.h */ = {isa = PBXFileReference; fileEncoding = 4; lastKnownFileType = sourcecode.c.h; name = MPOSBaseVC.h; path = controllers/BaseViewController/MPOSBaseVC.h; sourceTree = "<group>"; };
		61E30A3B1DE9CA4D007F035B /* MPOSBaseVC.m */ = {isa = PBXFileReference; fileEncoding = 4; lastKnownFileType = sourcecode.c.objc; name = MPOSBaseVC.m; path = controllers/BaseViewController/MPOSBaseVC.m; sourceTree = "<group>"; };
		61E30A3D1DE9CB66007F035B /* MPOSConstants.h */ = {isa = PBXFileReference; fileEncoding = 4; lastKnownFileType = sourcecode.c.h; name = MPOSConstants.h; path = utilties/MPOSConstants.h; sourceTree = "<group>"; };
		61E30A3F1DE9CBE1007F035B /* MPOSReachability.h */ = {isa = PBXFileReference; fileEncoding = 4; lastKnownFileType = sourcecode.c.h; name = MPOSReachability.h; path = "Third Party/MPOSReachability.h"; sourceTree = "<group>"; };
		61E30A401DE9CBE1007F035B /* MPOSReachability.m */ = {isa = PBXFileReference; fileEncoding = 4; lastKnownFileType = sourcecode.c.objc; name = MPOSReachability.m; path = "Third Party/MPOSReachability.m"; sourceTree = "<group>"; };
		61E30A431DE9CBEC007F035B /* MPOSSSKeychain.h */ = {isa = PBXFileReference; fileEncoding = 4; lastKnownFileType = sourcecode.c.h; path = MPOSSSKeychain.h; sourceTree = "<group>"; };
		61E30A441DE9CBEC007F035B /* MPOSSSKeychain.m */ = {isa = PBXFileReference; fileEncoding = 4; lastKnownFileType = sourcecode.c.objc; path = MPOSSSKeychain.m; sourceTree = "<group>"; };
		61E30A461DE9FF12007F035B /* MPOSCreateOrderVC.h */ = {isa = PBXFileReference; fileEncoding = 4; lastKnownFileType = sourcecode.c.h; name = MPOSCreateOrderVC.h; path = controllers/MPOSCreateOrderVC.h; sourceTree = "<group>"; };
		61E30A471DE9FF12007F035B /* MPOSCreateOrderVC.m */ = {isa = PBXFileReference; fileEncoding = 4; lastKnownFileType = sourcecode.c.objc; name = MPOSCreateOrderVC.m; path = controllers/MPOSCreateOrderVC.m; sourceTree = "<group>"; };
		61E30A481DE9FF12007F035B /* MPOSDashboardVC.h */ = {isa = PBXFileReference; fileEncoding = 4; lastKnownFileType = sourcecode.c.h; name = MPOSDashboardVC.h; path = controllers/MPOSDashboardVC.h; sourceTree = "<group>"; };
		61E30A491DE9FF12007F035B /* MPOSDashboardVC.m */ = {isa = PBXFileReference; fileEncoding = 4; lastKnownFileType = sourcecode.c.objc; name = MPOSDashboardVC.m; path = controllers/MPOSDashboardVC.m; sourceTree = "<group>"; };
		61E30A4A1DE9FF12007F035B /* MPOSLoginSingupVC.h */ = {isa = PBXFileReference; fileEncoding = 4; lastKnownFileType = sourcecode.c.h; name = MPOSLoginSingupVC.h; path = controllers/MPOSLoginSingupVC.h; sourceTree = "<group>"; };
		61E30A4B1DE9FF12007F035B /* MPOSLoginSingupVC.m */ = {isa = PBXFileReference; fileEncoding = 4; lastKnownFileType = sourcecode.c.objc; name = MPOSLoginSingupVC.m; path = controllers/MPOSLoginSingupVC.m; sourceTree = "<group>"; };
		61E30A4C1DE9FF12007F035B /* MPOSLoginSingupVC.xib */ = {isa = PBXFileReference; fileEncoding = 4; lastKnownFileType = file.xib; name = MPOSLoginSingupVC.xib; path = controllers/MPOSLoginSingupVC.xib; sourceTree = "<group>"; };
		61E30A4D1DE9FF12007F035B /* MPOSRequestPaymentVC.h */ = {isa = PBXFileReference; fileEncoding = 4; lastKnownFileType = sourcecode.c.h; name = MPOSRequestPaymentVC.h; path = controllers/MPOSRequestPaymentVC.h; sourceTree = "<group>"; };
		61E30A4E1DE9FF12007F035B /* MPOSRequestPaymentVC.m */ = {isa = PBXFileReference; fileEncoding = 4; lastKnownFileType = sourcecode.c.objc; name = MPOSRequestPaymentVC.m; path = controllers/MPOSRequestPaymentVC.m; sourceTree = "<group>"; };
		61E30A551DE9FF2D007F035B /* Base */ = {isa = PBXFileReference; lastKnownFileType = file.storyboard; name = Base; path = Base.lproj/MPOSMain.storyboard; sourceTree = "<group>"; };
		A064974F270C774001517816 /* Pods-MPOS.debug.xcconfig */ = {isa = PBXFileReference; includeInIndex = 1; lastKnownFileType = text.xcconfig; name = "Pods-MPOS.debug.xcconfig"; path = "Pods/Target Support Files/Pods-MPOS/Pods-MPOS.debug.xcconfig"; sourceTree = "<group>"; };
/* End PBXFileReference section */

/* Begin PBXFrameworksBuildPhase section */
		61E30A0A1DE9A2B3007F035B /* Frameworks */ = {
			isa = PBXFrameworksBuildPhase;
			buildActionMask = 2147483647;
			files = (
				A1285A3BB30BAD1A4120E9FC /* Pods_MPOS.framework in Frameworks */,
			);
			runOnlyForDeploymentPostprocessing = 0;
		};
/* End PBXFrameworksBuildPhase section */

/* Begin PBXGroup section */
		08EF55E42B87C4E84F9C0675 /* Pods */ = {
			isa = PBXGroup;
			children = (
				A064974F270C774001517816 /* Pods-MPOS.debug.xcconfig */,
				49C7778286E0ACF34B80506F /* Pods-MPOS.release.xcconfig */,
			);
			name = Pods;
			sourceTree = "<group>";
		};
		18F8CB3400A7217F22185FE7 /* Frameworks */ = {
			isa = PBXGroup;
			children = (
				3CC8D097A62D317D36296BD6 /* Pods_MPOS.framework */,
			);
			name = Frameworks;
			sourceTree = "<group>";
		};
		61E30A041DE9A2B3007F035B = {
			isa = PBXGroup;
			children = (
				61E30A0F1DE9A2B3007F035B /* MPOS */,
				61E30A0E1DE9A2B3007F035B /* Products */,
				08EF55E42B87C4E84F9C0675 /* Pods */,
				18F8CB3400A7217F22185FE7 /* Frameworks */,
			);
			sourceTree = "<group>";
		};
		61E30A0E1DE9A2B3007F035B /* Products */ = {
			isa = PBXGroup;
			children = (
				61E30A0D1DE9A2B3007F035B /* MPOS.app */,
			);
			name = Products;
			sourceTree = "<group>";
		};
		61E30A0F1DE9A2B3007F035B /* MPOS */ = {
			isa = PBXGroup;
			children = (
				61E30A541DE9FF2D007F035B /* MPOSMain.storyboard */,
				61E30A3E1DE9CBCB007F035B /* Third Party */,
				61E30A2F1DE9C9F5007F035B /* Web Service */,
				61E30A2E1DE9C9E7007F035B /* Utilities */,
				61E30A2D1DE9C9DA007F035B /* Controllers */,
				61E30A271DE9C9A0007F035B /* MPOSAppDelegate.h */,
				61E30A281DE9C9A0007F035B /* MPOSAppDelegate.m */,
				61E30A291DE9C9A0007F035B /* MPOSViewController.h */,
				61E30A2A1DE9C9A0007F035B /* MPOSViewController.m */,
				61E30A1C1DE9A2B3007F035B /* Assets.xcassets */,
				61E30A1E1DE9A2B3007F035B /* LaunchScreen.storyboard */,
				61E30A211DE9A2B3007F035B /* Info.plist */,
				61E30A101DE9A2B3007F035B /* Supporting Files */,
			);
			path = MPOS;
			sourceTree = "<group>";
		};
		61E30A101DE9A2B3007F035B /* Supporting Files */ = {
			isa = PBXGroup;
			children = (
				61E30A111DE9A2B3007F035B /* main.m */,
			);
			name = "Supporting Files";
			sourceTree = "<group>";
		};
		61E30A2D1DE9C9DA007F035B /* Controllers */ = {
			isa = PBXGroup;
			children = (
				61E30A461DE9FF12007F035B /* MPOSCreateOrderVC.h */,
				61E30A471DE9FF12007F035B /* MPOSCreateOrderVC.m */,
				61E30A481DE9FF12007F035B /* MPOSDashboardVC.h */,
				61E30A491DE9FF12007F035B /* MPOSDashboardVC.m */,
				61E30A4A1DE9FF12007F035B /* MPOSLoginSingupVC.h */,
				61E30A4B1DE9FF12007F035B /* MPOSLoginSingupVC.m */,
				61E30A4C1DE9FF12007F035B /* MPOSLoginSingupVC.xib */,
				61E30A4D1DE9FF12007F035B /* MPOSRequestPaymentVC.h */,
				61E30A4E1DE9FF12007F035B /* MPOSRequestPaymentVC.m */,
				61E30A391DE9CA38007F035B /* Base Controller */,
				61E30A361DE9CA34007F035B /* MPOSAlertController.h */,
				61E30A371DE9CA34007F035B /* MPOSAlertController.m */,
			);
			name = Controllers;
			sourceTree = "<group>";
		};
		61E30A2E1DE9C9E7007F035B /* Utilities */ = {
			isa = PBXGroup;
			children = (
				61E30A3D1DE9CB66007F035B /* MPOSConstants.h */,
				61E30A331DE9CA24007F035B /* MPOSActivityView.h */,
				61E30A341DE9CA24007F035B /* MPOSActivityView.m */,
			);
			name = Utilities;
			sourceTree = "<group>";
		};
		61E30A2F1DE9C9F5007F035B /* Web Service */ = {
			isa = PBXGroup;
			children = (
				61E30A301DE9CA19007F035B /* MPOSRequestManager.h */,
				61E30A311DE9CA19007F035B /* MPOSRequestManager.m */,
			);
			name = "Web Service";
			sourceTree = "<group>";
		};
		61E30A391DE9CA38007F035B /* Base Controller */ = {
			isa = PBXGroup;
			children = (
				61E30A3A1DE9CA4D007F035B /* MPOSBaseVC.h */,
				61E30A3B1DE9CA4D007F035B /* MPOSBaseVC.m */,
			);
			name = "Base Controller";
			sourceTree = "<group>";
		};
		61E30A3E1DE9CBCB007F035B /* Third Party */ = {
			isa = PBXGroup;
			children = (
				61E30A421DE9CBEC007F035B /* KeyChainWrapper */,
				61E30A3F1DE9CBE1007F035B /* MPOSReachability.h */,
				61E30A401DE9CBE1007F035B /* MPOSReachability.m */,
			);
			name = "Third Party";
			sourceTree = "<group>";
		};
		61E30A421DE9CBEC007F035B /* KeyChainWrapper */ = {
			isa = PBXGroup;
			children = (
				61E30A431DE9CBEC007F035B /* MPOSSSKeychain.h */,
				61E30A441DE9CBEC007F035B /* MPOSSSKeychain.m */,
			);
			name = KeyChainWrapper;
			path = "Third Party/KeyChainWrapper";
			sourceTree = "<group>";
		};
/* End PBXGroup section */

/* Begin PBXNativeTarget section */
		61E30A0C1DE9A2B3007F035B /* MPOS */ = {
			isa = PBXNativeTarget;
			buildConfigurationList = 61E30A241DE9A2B3007F035B /* Build configuration list for PBXNativeTarget "MPOS" */;
			buildPhases = (
				FEF85C1B1D617AB93402E70A /* 📦 Check Pods Manifest.lock */,
				FB94840C77CE1219841B0FE0 /* [CP] Check Pods Manifest.lock */,
				61E30A091DE9A2B3007F035B /* Sources */,
				61E30A0A1DE9A2B3007F035B /* Frameworks */,
				61E30A0B1DE9A2B3007F035B /* Resources */,
				D46DA3FDB3FEC5E0343B7572 /* [CP] Embed Pods Frameworks */,
				1164B2B9E86B843C97ABCB8E /* [CP] Copy Pods Resources */,
				3DC8C64FFFFB7C8A902E5D24 /* 📦 Embed Pods Frameworks */,
				DAFB04AC3A3495DC81F80E31 /* 📦 Copy Pods Resources */,
			);
			buildRules = (
			);
			dependencies = (
			);
			name = MPOS;
			productName = MPOS;
			productReference = 61E30A0D1DE9A2B3007F035B /* MPOS.app */;
			productType = "com.apple.product-type.application";
		};
/* End PBXNativeTarget section */

/* Begin PBXProject section */
		61E30A051DE9A2B3007F035B /* Project object */ = {
			isa = PBXProject;
			attributes = {
				LastUpgradeCheck = 0800;
				ORGANIZATIONNAME = com.payu;
				TargetAttributes = {
					61E30A0C1DE9A2B3007F035B = {
						CreatedOnToolsVersion = 8.0;
						DevelopmentTeam = 3T2M5UN5C5;
						ProvisioningStyle = Automatic;
					};
				};
			};
			buildConfigurationList = 61E30A081DE9A2B3007F035B /* Build configuration list for PBXProject "MPOS" */;
			compatibilityVersion = "Xcode 3.2";
			developmentRegion = English;
			hasScannedForEncodings = 0;
			knownRegions = (
				en,
				Base,
			);
			mainGroup = 61E30A041DE9A2B3007F035B;
			productRefGroup = 61E30A0E1DE9A2B3007F035B /* Products */;
			projectDirPath = "";
			projectRoot = "";
			targets = (
				61E30A0C1DE9A2B3007F035B /* MPOS */,
			);
		};
/* End PBXProject section */

/* Begin PBXResourcesBuildPhase section */
		61E30A0B1DE9A2B3007F035B /* Resources */ = {
			isa = PBXResourcesBuildPhase;
			buildActionMask = 2147483647;
			files = (
				61E30A201DE9A2B3007F035B /* LaunchScreen.storyboard in Resources */,
				61E30A521DE9FF12007F035B /* MPOSLoginSingupVC.xib in Resources */,
				61E30A561DE9FF2D007F035B /* MPOSMain.storyboard in Resources */,
				61E30A1D1DE9A2B3007F035B /* Assets.xcassets in Resources */,
			);
			runOnlyForDeploymentPostprocessing = 0;
		};
/* End PBXResourcesBuildPhase section */

/* Begin PBXShellScriptBuildPhase section */
		1164B2B9E86B843C97ABCB8E /* [CP] Copy Pods Resources */ = {
			isa = PBXShellScriptBuildPhase;
			buildActionMask = 2147483647;
			files = (
			);
			inputPaths = (
			);
			name = "[CP] Copy Pods Resources";
			outputPaths = (
			);
			runOnlyForDeploymentPostprocessing = 0;
			shellPath = /bin/sh;
			shellScript = "\"${SRCROOT}/Pods/Target Support Files/Pods-MPOS/Pods-MPOS-resources.sh\"\n";
			showEnvVarsInLog = 0;
		};
		3DC8C64FFFFB7C8A902E5D24 /* 📦 Embed Pods Frameworks */ = {
			isa = PBXShellScriptBuildPhase;
			buildActionMask = 2147483647;
			files = (
			);
			inputPaths = (
			);
			name = "📦 Embed Pods Frameworks";
			outputPaths = (
			);
			runOnlyForDeploymentPostprocessing = 0;
			shellPath = /bin/sh;
			shellScript = "\"${SRCROOT}/Pods/Target Support Files/Pods-MPOS/Pods-MPOS-frameworks.sh\"\n";
			showEnvVarsInLog = 0;
		};
		D46DA3FDB3FEC5E0343B7572 /* [CP] Embed Pods Frameworks */ = {
			isa = PBXShellScriptBuildPhase;
			buildActionMask = 2147483647;
			files = (
			);
			inputPaths = (
			);
			name = "[CP] Embed Pods Frameworks";
			outputPaths = (
			);
			runOnlyForDeploymentPostprocessing = 0;
			shellPath = /bin/sh;
			shellScript = "\"${SRCROOT}/Pods/Target Support Files/Pods-MPOS/Pods-MPOS-frameworks.sh\"\n";
			showEnvVarsInLog = 0;
		};
		DAFB04AC3A3495DC81F80E31 /* 📦 Copy Pods Resources */ = {
			isa = PBXShellScriptBuildPhase;
			buildActionMask = 2147483647;
			files = (
			);
			inputPaths = (
			);
			name = "📦 Copy Pods Resources";
			outputPaths = (
			);
			runOnlyForDeploymentPostprocessing = 0;
			shellPath = /bin/sh;
			shellScript = "\"${SRCROOT}/Pods/Target Support Files/Pods-MPOS/Pods-MPOS-resources.sh\"\n";
			showEnvVarsInLog = 0;
		};
		FB94840C77CE1219841B0FE0 /* [CP] Check Pods Manifest.lock */ = {
			isa = PBXShellScriptBuildPhase;
			buildActionMask = 2147483647;
			files = (
			);
			inputPaths = (
			);
			name = "[CP] Check Pods Manifest.lock";
			outputPaths = (
			);
			runOnlyForDeploymentPostprocessing = 0;
			shellPath = /bin/sh;
			shellScript = "diff \"${PODS_ROOT}/../Podfile.lock\" \"${PODS_ROOT}/Manifest.lock\" > /dev/null\nif [ $? != 0 ] ; then\n    # print error to STDERR\n    echo \"error: The sandbox is not in sync with the Podfile.lock. Run 'pod install' or update your CocoaPods installation.\" >&2\n    exit 1\nfi\n";
			showEnvVarsInLog = 0;
		};
		FEF85C1B1D617AB93402E70A /* 📦 Check Pods Manifest.lock */ = {
			isa = PBXShellScriptBuildPhase;
			buildActionMask = 2147483647;
			files = (
			);
			inputPaths = (
			);
			name = "📦 Check Pods Manifest.lock";
			outputPaths = (
			);
			runOnlyForDeploymentPostprocessing = 0;
			shellPath = /bin/sh;
			shellScript = "diff \"${PODS_ROOT}/../Podfile.lock\" \"${PODS_ROOT}/Manifest.lock\" > /dev/null\nif [[ $? != 0 ]] ; then\n    cat << EOM\nerror: The sandbox is not in sync with the Podfile.lock. Run 'pod install' or update your CocoaPods installation.\nEOM\n    exit 1\nfi\n";
			showEnvVarsInLog = 0;
		};
/* End PBXShellScriptBuildPhase section */

/* Begin PBXSourcesBuildPhase section */
		61E30A091DE9A2B3007F035B /* Sources */ = {
			isa = PBXSourcesBuildPhase;
			buildActionMask = 2147483647;
			files = (
				61E30A351DE9CA24007F035B /* MPOSActivityView.m in Sources */,
				61E30A511DE9FF12007F035B /* MPOSLoginSingupVC.m in Sources */,
				61E30A531DE9FF12007F035B /* MPOSRequestPaymentVC.m in Sources */,
				61E30A121DE9A2B3007F035B /* main.m in Sources */,
				61E30A2C1DE9C9A0007F035B /* MPOSViewController.m in Sources */,
				61E30A501DE9FF12007F035B /* MPOSDashboardVC.m in Sources */,
				61E30A321DE9CA19007F035B /* MPOSRequestManager.m in Sources */,
				61E30A2B1DE9C9A0007F035B /* MPOSAppDelegate.m in Sources */,
				61E30A451DE9CBEC007F035B /* MPOSSSKeychain.m in Sources */,
				61E30A411DE9CBE1007F035B /* MPOSReachability.m in Sources */,
				61E30A381DE9CA34007F035B /* MPOSAlertController.m in Sources */,
				61E30A4F1DE9FF12007F035B /* MPOSCreateOrderVC.m in Sources */,
				61E30A3C1DE9CA4D007F035B /* MPOSBaseVC.m in Sources */,
			);
			runOnlyForDeploymentPostprocessing = 0;
		};
/* End PBXSourcesBuildPhase section */

/* Begin PBXVariantGroup section */
		61E30A1E1DE9A2B3007F035B /* LaunchScreen.storyboard */ = {
			isa = PBXVariantGroup;
			children = (
				61E30A1F1DE9A2B3007F035B /* Base */,
			);
			name = LaunchScreen.storyboard;
			sourceTree = "<group>";
		};
		61E30A541DE9FF2D007F035B /* MPOSMain.storyboard */ = {
			isa = PBXVariantGroup;
			children = (
				61E30A551DE9FF2D007F035B /* Base */,
			);
			name = MPOSMain.storyboard;
			sourceTree = "<group>";
		};
/* End PBXVariantGroup section */

/* Begin XCBuildConfiguration section */
		61E30A221DE9A2B3007F035B /* Debug */ = {
			isa = XCBuildConfiguration;
			buildSettings = {
				ALWAYS_SEARCH_USER_PATHS = NO;
				CLANG_ANALYZER_NONNULL = YES;
				CLANG_CXX_LANGUAGE_STANDARD = "gnu++0x";
				CLANG_CXX_LIBRARY = "libc++";
				CLANG_ENABLE_MODULES = YES;
				CLANG_ENABLE_OBJC_ARC = YES;
				CLANG_WARN_BOOL_CONVERSION = YES;
				CLANG_WARN_CONSTANT_CONVERSION = YES;
				CLANG_WARN_DIRECT_OBJC_ISA_USAGE = YES_ERROR;
				CLANG_WARN_DOCUMENTATION_COMMENTS = YES;
				CLANG_WARN_EMPTY_BODY = YES;
				CLANG_WARN_ENUM_CONVERSION = YES;
				CLANG_WARN_INFINITE_RECURSION = YES;
				CLANG_WARN_INT_CONVERSION = YES;
				CLANG_WARN_OBJC_ROOT_CLASS = YES_ERROR;
				CLANG_WARN_SUSPICIOUS_MOVES = YES;
				CLANG_WARN_UNREACHABLE_CODE = YES;
				CLANG_WARN__DUPLICATE_METHOD_MATCH = YES;
				"CODE_SIGN_IDENTITY[sdk=iphoneos*]" = "iPhone Developer";
				COPY_PHASE_STRIP = NO;
				DEBUG_INFORMATION_FORMAT = dwarf;
				ENABLE_STRICT_OBJC_MSGSEND = YES;
				ENABLE_TESTABILITY = YES;
				GCC_C_LANGUAGE_STANDARD = gnu99;
				GCC_DYNAMIC_NO_PIC = NO;
				GCC_NO_COMMON_BLOCKS = YES;
				GCC_OPTIMIZATION_LEVEL = 0;
				GCC_PREPROCESSOR_DEFINITIONS = (
					"DEBUG=1",
					"$(inherited)",
				);
				GCC_WARN_64_TO_32_BIT_CONVERSION = YES;
				GCC_WARN_ABOUT_RETURN_TYPE = YES_ERROR;
				GCC_WARN_UNDECLARED_SELECTOR = YES;
				GCC_WARN_UNINITIALIZED_AUTOS = YES_AGGRESSIVE;
				GCC_WARN_UNUSED_FUNCTION = YES;
				GCC_WARN_UNUSED_VARIABLE = YES;
				IPHONEOS_DEPLOYMENT_TARGET = 10.0;
				MTL_ENABLE_DEBUG_INFO = YES;
				ONLY_ACTIVE_ARCH = YES;
				SDKROOT = iphoneos;
			};
			name = Debug;
		};
		61E30A231DE9A2B3007F035B /* Release */ = {
			isa = XCBuildConfiguration;
			buildSettings = {
				ALWAYS_SEARCH_USER_PATHS = NO;
				CLANG_ANALYZER_NONNULL = YES;
				CLANG_CXX_LANGUAGE_STANDARD = "gnu++0x";
				CLANG_CXX_LIBRARY = "libc++";
				CLANG_ENABLE_MODULES = YES;
				CLANG_ENABLE_OBJC_ARC = YES;
				CLANG_WARN_BOOL_CONVERSION = YES;
				CLANG_WARN_CONSTANT_CONVERSION = YES;
				CLANG_WARN_DIRECT_OBJC_ISA_USAGE = YES_ERROR;
				CLANG_WARN_DOCUMENTATION_COMMENTS = YES;
				CLANG_WARN_EMPTY_BODY = YES;
				CLANG_WARN_ENUM_CONVERSION = YES;
				CLANG_WARN_INFINITE_RECURSION = YES;
				CLANG_WARN_INT_CONVERSION = YES;
				CLANG_WARN_OBJC_ROOT_CLASS = YES_ERROR;
				CLANG_WARN_SUSPICIOUS_MOVES = YES;
				CLANG_WARN_UNREACHABLE_CODE = YES;
				CLANG_WARN__DUPLICATE_METHOD_MATCH = YES;
				"CODE_SIGN_IDENTITY[sdk=iphoneos*]" = "iPhone Developer";
				COPY_PHASE_STRIP = NO;
				DEBUG_INFORMATION_FORMAT = "dwarf-with-dsym";
				ENABLE_NS_ASSERTIONS = NO;
				ENABLE_STRICT_OBJC_MSGSEND = YES;
				GCC_C_LANGUAGE_STANDARD = gnu99;
				GCC_NO_COMMON_BLOCKS = YES;
				GCC_WARN_64_TO_32_BIT_CONVERSION = YES;
				GCC_WARN_ABOUT_RETURN_TYPE = YES_ERROR;
				GCC_WARN_UNDECLARED_SELECTOR = YES;
				GCC_WARN_UNINITIALIZED_AUTOS = YES_AGGRESSIVE;
				GCC_WARN_UNUSED_FUNCTION = YES;
				GCC_WARN_UNUSED_VARIABLE = YES;
				IPHONEOS_DEPLOYMENT_TARGET = 10.0;
				MTL_ENABLE_DEBUG_INFO = NO;
				SDKROOT = iphoneos;
				VALIDATE_PRODUCT = YES;
			};
			name = Release;
		};
		61E30A251DE9A2B3007F035B /* Debug */ = {
			isa = XCBuildConfiguration;
			baseConfigurationReference = A064974F270C774001517816 /* Pods-MPOS.debug.xcconfig */;
			buildSettings = {
				ASSETCATALOG_COMPILER_APPICON_NAME = AppIcon;
				DEVELOPMENT_TEAM = 3T2M5UN5C5;
				INFOPLIST_FILE = MPOS/Info.plist;
				IPHONEOS_DEPLOYMENT_TARGET = 8.0;
				LD_RUNPATH_SEARCH_PATHS = "$(inherited) @executable_path/Frameworks";
				PRODUCT_BUNDLE_IDENTIFIER = com.payu.MPOS;
				PRODUCT_NAME = "$(TARGET_NAME)";
			};
			name = Debug;
		};
		61E30A261DE9A2B3007F035B /* Release */ = {
			isa = XCBuildConfiguration;
			baseConfigurationReference = 49C7778286E0ACF34B80506F /* Pods-MPOS.release.xcconfig */;
			buildSettings = {
				ASSETCATALOG_COMPILER_APPICON_NAME = AppIcon;
				DEVELOPMENT_TEAM = 3T2M5UN5C5;
				INFOPLIST_FILE = MPOS/Info.plist;
				IPHONEOS_DEPLOYMENT_TARGET = 8.0;
				LD_RUNPATH_SEARCH_PATHS = "$(inherited) @executable_path/Frameworks";
				PRODUCT_BUNDLE_IDENTIFIER = com.payu.MPOS;
				PRODUCT_NAME = "$(TARGET_NAME)";
			};
			name = Release;
		};
/* End XCBuildConfiguration section */

/* Begin XCConfigurationList section */
		61E30A081DE9A2B3007F035B /* Build configuration list for PBXProject "MPOS" */ = {
			isa = XCConfigurationList;
			buildConfigurations = (
				61E30A221DE9A2B3007F035B /* Debug */,
				61E30A231DE9A2B3007F035B /* Release */,
			);
			defaultConfigurationIsVisible = 0;
			defaultConfigurationName = Release;
		};
		61E30A241DE9A2B3007F035B /* Build configuration list for PBXNativeTarget "MPOS" */ = {
			isa = XCConfigurationList;
			buildConfigurations = (
				61E30A251DE9A2B3007F035B /* Debug */,
				61E30A261DE9A2B3007F035B /* Release */,
			);
			defaultConfigurationIsVisible = 0;
			defaultConfigurationName = Release;
		};
/* End XCConfigurationList section */
	};
	rootObject = 61E30A051DE9A2B3007F035B /* Project object */;
}
